
Microsoft Visual Studio Solution File, Format Version 12.00
# Visual Studio 14
VisualStudioVersion = 14.0.25420.1
MinimumVisualStudioVersion = 10.0.40219.1
Project("{FAE04EC0-301F-11D3-BF4B-00C04F79EFBC}") = "Injector.Web", "Injector.Frontend\Injector.Web.csproj", "{4B230EC9-B6F3-4587-8305-73493FC6A282}"
EndProject
Project("{FAE04EC0-301F-11D3-BF4B-00C04F79EFBC}") = "Injector.Core", "Injector.Business\Injector.Core.csproj", "{8378BD41-85BE-45C8-95D2-77663D405534}"
EndProject
Project("{FAE04EC0-301F-11D3-BF4B-00C04F79EFBC}") = "Injector.Sharing", "Injector.Common\Injector.Sharing.csproj", "{873301DC-34CD-40B4-B89B-66A5F021FA37}"
EndProject
Project("{FAE04EC0-301F-11D3-BF4B-00C04F79EFBC}") = "Injector.Data", "Injector.Data\Injector.Data.csproj", "{DBF8FF8B-15B5-4576-8433-BC3CFF1FDDBA}"
EndProject
Project("{FAE04EC0-301F-11D3-BF4B-00C04F79EFBC}") = "InjectorUnitTest", "InjectorUnitTest\InjectorUnitTest.csproj", "{0D511ACA-1024-490D-B3A8-218D3426684F}"
	ProjectSection(ProjectDependencies) = postProject
		{8378BD41-85BE-45C8-95D2-77663D405534} = {8378BD41-85BE-45C8-95D2-77663D405534}
		{DBF8FF8B-15B5-4576-8433-BC3CFF1FDDBA} = {DBF8FF8B-15B5-4576-8433-BC3CFF1FDDBA}
		{4B230EC9-B6F3-4587-8305-73493FC6A282} = {4B230EC9-B6F3-4587-8305-73493FC6A282}
		{873301DC-34CD-40B4-B89B-66A5F021FA37} = {873301DC-34CD-40B4-B89B-66A5F021FA37}
	EndProjectSection
EndProject
Global
	GlobalSection(SolutionConfigurationPlatforms) = preSolution
		Debug|Any CPU = Debug|Any CPU
		Release|Any CPU = Release|Any CPU
	EndGlobalSection
	GlobalSection(ProjectConfigurationPlatforms) = postSolution
		{4B230EC9-B6F3-4587-8305-73493FC6A282}.Debug|Any CPU.ActiveCfg = Debug|Any CPU
		{4B230EC9-B6F3-4587-8305-73493FC6A282}.Debug|Any CPU.Build.0 = Debug|Any CPU
		{4B230EC9-B6F3-4587-8305-73493FC6A282}.Release|Any CPU.ActiveCfg = Release|Any CPU
		{4B230EC9-B6F3-4587-8305-73493FC6A282}.Release|Any CPU.Build.0 = Release|Any CPU
		{8378BD41-85BE-45C8-95D2-77663D405534}.Debug|Any CPU.ActiveCfg = Debug|Any CPU
		{8378BD41-85BE-45C8-95D2-77663D405534}.Debug|Any CPU.Build.0 = Debug|Any CPU
		{8378BD41-85BE-45C8-95D2-77663D405534}.Release|Any CPU.ActiveCfg = Release|Any CPU
		{8378BD41-85BE-45C8-95D2-77663D405534}.Release|Any CPU.Build.0 = Release|Any CPU
		{873301DC-34CD-40B4-B89B-66A5F021FA37}.Debug|Any CPU.ActiveCfg = Debug|Any CPU
		{873301DC-34CD-40B4-B89B-66A5F021FA37}.Debug|Any CPU.Build.0 = Debug|Any CPU
		{873301DC-34CD-40B4-B89B-66A5F021FA37}.Release|Any CPU.ActiveCfg = Release|Any CPU
		{873301DC-34CD-40B4-B89B-66A5F021FA37}.Release|Any CPU.Build.0 = Release|Any CPU
		{DBF8FF8B-15B5-4576-8433-BC3CFF1FDDBA}.Debug|Any CPU.ActiveCfg = Debug|Any CPU
		{DBF8FF8B-15B5-4576-8433-BC3CFF1FDDBA}.Debug|Any CPU.Build.0 = Debug|Any CPU
		{DBF8FF8B-15B5-4576-8433-BC3CFF1FDDBA}.Release|Any CPU.ActiveCfg = Release|Any CPU
		{DBF8FF8B-15B5-4576-8433-BC3CFF1FDDBA}.Release|Any CPU.Build.0 = Release|Any CPU
		{0D511ACA-1024-490D-B3A8-218D3426684F}.Debug|Any CPU.ActiveCfg = Debug|Any CPU
		{0D511ACA-1024-490D-B3A8-218D3426684F}.Debug|Any CPU.Build.0 = Debug|Any CPU
		{0D511ACA-1024-490D-B3A8-218D3426684F}.Release|Any CPU.ActiveCfg = Release|Any CPU
		{0D511ACA-1024-490D-B3A8-218D3426684F}.Release|Any CPU.Build.0 = Release|Any CPU
	EndGlobalSection
	GlobalSection(SolutionProperties) = preSolution
		HideSolutionNode = FALSE
	EndGlobalSection
EndGlobal
